
Microsoft Visual Studio Solution File, Format Version 12.00
# Visual Studio Version 16
VisualStudioVersion = 16.0.30114.105
MinimumVisualStudioVersion = 10.0.40219.1
Project("{FAE04EC0-301F-11D3-BF4B-00C04F79EFBC}") = "SourceGenerator", "SourceGenerator\SourceGenerator.csproj", "{BF03BC4B-8922-4FF5-9DA8-42DBEDA2C198}"
EndProject
Project("{FAE04EC0-301F-11D3-BF4B-00C04F79EFBC}") = "TodoApi", "TodoApi\TodoApi.csproj", "{DC67031C-6CCC-488E-859F-600839A84995}"
EndProject
Global
	GlobalSection(SolutionConfigurationPlatforms) = preSolution
		Debug|Any CPU = Debug|Any CPU
		Release|Any CPU = Release|Any CPU
	EndGlobalSection
	GlobalSection(SolutionProperties) = preSolution
		HideSolutionNode = FALSE
	EndGlobalSection
	GlobalSection(ProjectConfigurationPlatforms) = postSolution
		{BF03BC4B-8922-4FF5-9DA8-42DBEDA2C198}.Debug|Any CPU.ActiveCfg = Debug|Any CPU
		{BF03BC4B-8922-4FF5-9DA8-42DBEDA2C198}.Debug|Any CPU.Build.0 = Debug|Any CPU
		{BF03BC4B-8922-4FF5-9DA8-42DBEDA2C198}.Release|Any CPU.ActiveCfg = Release|Any CPU
		{BF03BC4B-8922-4FF5-9DA8-42DBEDA2C198}.Release|Any CPU.Build.0 = Release|Any CPU
		{DC67031C-6CCC-488E-859F-600839A84995}.Debug|Any CPU.ActiveCfg = Debug|Any CPU
		{DC67031C-6CCC-488E-859F-600839A84995}.Debug|Any CPU.Build.0 = Debug|Any CPU
		{DC67031C-6CCC-488E-859F-600839A84995}.Release|Any CPU.ActiveCfg = Release|Any CPU
		{DC67031C-6CCC-488E-859F-600839A84995}.Release|Any CPU.Build.0 = Release|Any CPU
	EndGlobalSection
EndGlobal
